
Microsoft Visual Studio Solution File, Format Version 12.00
# Visual Studio Version 17
VisualStudioVersion = 17.14.36717.8 d17.14
MinimumVisualStudioVersion = 10.0.40219.1
Project("{FAE04EC0-301F-11D3-BF4B-00C04F79EFBC}") = "Clipboard_renamer", "Clipboard_renamer\Clipboard_renamer.csproj", "{BC73847D-20D8-43BF-A52D-20B54A989F48}"
EndProject
Global
	GlobalSection(SolutionConfigurationPlatforms) = preSolution
		Debug|Any CPU = Debug|Any CPU
		Release|Any CPU = Release|Any CPU
	EndGlobalSection
	GlobalSection(ProjectConfigurationPlatforms) = postSolution
		{BC73847D-20D8-43BF-A52D-20B54A989F48}.Debug|Any CPU.ActiveCfg = Debug|Any CPU
		{BC73847D-20D8-43BF-A52D-20B54A989F48}.Debug|Any CPU.Build.0 = Debug|Any CPU
		{BC73847D-20D8-43BF-A52D-20B54A989F48}.Release|Any CPU.ActiveCfg = Release|Any CPU
		{BC73847D-20D8-43BF-A52D-20B54A989F48}.Release|Any CPU.Build.0 = Release|Any CPU
	EndGlobalSection
	GlobalSection(SolutionProperties) = preSolution
		HideSolutionNode = FALSE
	EndGlobalSection
	GlobalSection(ExtensibilityGlobals) = postSolution
		SolutionGuid = {FADEF8FC-29CC-456A-8F80-8FD84C91EC76}
	EndGlobalSection
EndGlobal
